{
  "requires": true,
  "lockfileVersion": 1,
  "dependencies": {
    "vue-highcharts": {
      "version": "0.1.0",
      "resolved": "https://registry.npmjs.org/vue-highcharts/-/vue-highcharts-0.1.0.tgz",
      "integrity": "sha512-P0474D2s6P1ww5c/KbMN4iG8IOp7L1nWgjQwRJvKsq2yCNaeywg49/EHa2zHOKbS1MFxOXkRN2Vu1OSBc+gFYQ=="
    }
  }
}
